
Microsoft Visual Studio Solution File, Format Version 12.00
Project("{FAE04EC0-301F-11D3-BF4B-00C04F79EFBC}") = "DataKwah.Api", "DataKwah.Api\DataKwah.Api.csproj", "{BDCFA382-06BA-4941-8E0D-719C28F23C25}"
EndProject
Project("{FAE04EC0-301F-11D3-BF4B-00C04F79EFBC}") = "DataKwah.Application.Commands", "DataKwah.Application.Commands\DataKwah.Application.Commands.csproj", "{200F7C69-966D-4468-952A-1E37DE785072}"
EndProject
Project("{2150E333-8FDC-42A3-9474-1A3956D46DE8}") = "Api", "Api", "{38D861BF-8A21-4CBD-9468-C5591A56BD3A}"
EndProject
Project("{FAE04EC0-301F-11D3-BF4B-00C04F79EFBC}") = "DataKwah.Api.Controllers", "DataKwah.Api.Controllers\DataKwah.Api.Controllers.csproj", "{43CB64C0-E45F-4F3B-8B1E-CBB9BB818156}"
EndProject
Project("{FAE04EC0-301F-11D3-BF4B-00C04F79EFBC}") = "DataKwah.Api.Middlewares", "DataKwah.Api.Middlewares\DataKwah.Api.Middlewares.csproj", "{EFC359A5-12AF-4B2C-B9BF-209885CE69C4}"
EndProject
Project("{2150E333-8FDC-42A3-9474-1A3956D46DE8}") = "Application", "Application", "{A84D250C-69F9-4F27-8F7C-FEC030F42694}"
EndProject
Project("{FAE04EC0-301F-11D3-BF4B-00C04F79EFBC}") = "DataKwah.Application.Queries", "DataKwah.Application.Queries\DataKwah.Application.Queries.csproj", "{EE5F2FCB-0D3B-4BC6-ABC8-2A928B11C37F}"
EndProject
Project("{2150E333-8FDC-42A3-9474-1A3956D46DE8}") = "Core", "Core", "{BCB209B1-4926-4F97-A41D-0F0578C34B1A}"
EndProject
Project("{2150E333-8FDC-42A3-9474-1A3956D46DE8}") = "Domain", "Domain", "{D8C1A909-12A2-467C-A046-838309450A7A}"
EndProject
Project("{2150E333-8FDC-42A3-9474-1A3956D46DE8}") = "Persistence", "Persistence", "{B494E3FC-47D6-4800-9B7B-2853E0C0DB65}"
EndProject
Project("{FAE04EC0-301F-11D3-BF4B-00C04F79EFBC}") = "DataKwah.Core.Extensions", "DataKwah.Core.Extensions\DataKwah.Core.Extensions.csproj", "{99E45D50-8D5D-4C5A-8574-E55EB3CF2B1C}"
EndProject
Project("{FAE04EC0-301F-11D3-BF4B-00C04F79EFBC}") = "DataKwah.Domain.Configurations", "DataKwah.Domain.Configurations\DataKwah.Domain.Configurations.csproj", "{EABAFAEF-1B37-4FA0-8BB4-DACB705A60A9}"
EndProject
Project("{FAE04EC0-301F-11D3-BF4B-00C04F79EFBC}") = "DataKwah.Domain.Entities", "DataKwah.Domain.Entities\DataKwah.Domain.Entities.csproj", "{B406E127-221F-4B86-80B1-C71D8757F84E}"
EndProject
Project("{FAE04EC0-301F-11D3-BF4B-00C04F79EFBC}") = "DataKwah.Persistence", "DataKwah.Persistence\DataKwah.Persistence.csproj", "{3BA284F7-8F71-464B-BF65-064E009DB831}"
EndProject
Project("{FAE04EC0-301F-11D3-BF4B-00C04F79EFBC}") = "DataKwah.Persistence.Migrations", "DataKwah.Persistence.Migrations\DataKwah.Persistence.Migrations.csproj", "{28815955-A58E-4187-9A5B-C5924ABB253C}"
EndProject
Project("{FAE04EC0-301F-11D3-BF4B-00C04F79EFBC}") = "DataKwah.Persistence.Repositories", "DataKwah.Persistence.Repositories\DataKwah.Persistence.Repositories.csproj", "{4698F56D-62E6-459A-9509-BFF30623A164}"
EndProject
Project("{FAE04EC0-301F-11D3-BF4B-00C04F79EFBC}") = "DataKwah.Application.Services", "DataKwah.Application.Services\DataKwah.Application.Services.csproj", "{81D78CF4-75EC-4EFC-ABC8-0B1AAD1B798D}"
EndProject
Project("{FAE04EC0-301F-11D3-BF4B-00C04F79EFBC}") = "DataKwah.Core.Filter", "DataKwah.Core.Filter\DataKwah.Core.Filter.csproj", "{975096CB-1D83-4513-BF23-9FC1F463E6EF}"
EndProject
Global
	GlobalSection(SolutionConfigurationPlatforms) = preSolution
		Debug|Any CPU = Debug|Any CPU
		Release|Any CPU = Release|Any CPU
	EndGlobalSection
	GlobalSection(ProjectConfigurationPlatforms) = postSolution
		{BDCFA382-06BA-4941-8E0D-719C28F23C25}.Debug|Any CPU.ActiveCfg = Debug|Any CPU
		{BDCFA382-06BA-4941-8E0D-719C28F23C25}.Debug|Any CPU.Build.0 = Debug|Any CPU
		{BDCFA382-06BA-4941-8E0D-719C28F23C25}.Release|Any CPU.ActiveCfg = Release|Any CPU
		{BDCFA382-06BA-4941-8E0D-719C28F23C25}.Release|Any CPU.Build.0 = Release|Any CPU
		{200F7C69-966D-4468-952A-1E37DE785072}.Debug|Any CPU.ActiveCfg = Debug|Any CPU
		{200F7C69-966D-4468-952A-1E37DE785072}.Debug|Any CPU.Build.0 = Debug|Any CPU
		{200F7C69-966D-4468-952A-1E37DE785072}.Release|Any CPU.ActiveCfg = Release|Any CPU
		{200F7C69-966D-4468-952A-1E37DE785072}.Release|Any CPU.Build.0 = Release|Any CPU
		{43CB64C0-E45F-4F3B-8B1E-CBB9BB818156}.Debug|Any CPU.ActiveCfg = Debug|Any CPU
		{43CB64C0-E45F-4F3B-8B1E-CBB9BB818156}.Debug|Any CPU.Build.0 = Debug|Any CPU
		{43CB64C0-E45F-4F3B-8B1E-CBB9BB818156}.Release|Any CPU.ActiveCfg = Release|Any CPU
		{43CB64C0-E45F-4F3B-8B1E-CBB9BB818156}.Release|Any CPU.Build.0 = Release|Any CPU
		{EFC359A5-12AF-4B2C-B9BF-209885CE69C4}.Debug|Any CPU.ActiveCfg = Debug|Any CPU
		{EFC359A5-12AF-4B2C-B9BF-209885CE69C4}.Debug|Any CPU.Build.0 = Debug|Any CPU
		{EFC359A5-12AF-4B2C-B9BF-209885CE69C4}.Release|Any CPU.ActiveCfg = Release|Any CPU
		{EFC359A5-12AF-4B2C-B9BF-209885CE69C4}.Release|Any CPU.Build.0 = Release|Any CPU
		{EE5F2FCB-0D3B-4BC6-ABC8-2A928B11C37F}.Debug|Any CPU.ActiveCfg = Debug|Any CPU
		{EE5F2FCB-0D3B-4BC6-ABC8-2A928B11C37F}.Debug|Any CPU.Build.0 = Debug|Any CPU
		{EE5F2FCB-0D3B-4BC6-ABC8-2A928B11C37F}.Release|Any CPU.ActiveCfg = Release|Any CPU
		{EE5F2FCB-0D3B-4BC6-ABC8-2A928B11C37F}.Release|Any CPU.Build.0 = Release|Any CPU
		{99E45D50-8D5D-4C5A-8574-E55EB3CF2B1C}.Debug|Any CPU.ActiveCfg = Debug|Any CPU
		{99E45D50-8D5D-4C5A-8574-E55EB3CF2B1C}.Debug|Any CPU.Build.0 = Debug|Any CPU
		{99E45D50-8D5D-4C5A-8574-E55EB3CF2B1C}.Release|Any CPU.ActiveCfg = Release|Any CPU
		{99E45D50-8D5D-4C5A-8574-E55EB3CF2B1C}.Release|Any CPU.Build.0 = Release|Any CPU
		{EABAFAEF-1B37-4FA0-8BB4-DACB705A60A9}.Debug|Any CPU.ActiveCfg = Debug|Any CPU
		{EABAFAEF-1B37-4FA0-8BB4-DACB705A60A9}.Debug|Any CPU.Build.0 = Debug|Any CPU
		{EABAFAEF-1B37-4FA0-8BB4-DACB705A60A9}.Release|Any CPU.ActiveCfg = Release|Any CPU
		{EABAFAEF-1B37-4FA0-8BB4-DACB705A60A9}.Release|Any CPU.Build.0 = Release|Any CPU
		{B406E127-221F-4B86-80B1-C71D8757F84E}.Debug|Any CPU.ActiveCfg = Debug|Any CPU
		{B406E127-221F-4B86-80B1-C71D8757F84E}.Debug|Any CPU.Build.0 = Debug|Any CPU
		{B406E127-221F-4B86-80B1-C71D8757F84E}.Release|Any CPU.ActiveCfg = Release|Any CPU
		{B406E127-221F-4B86-80B1-C71D8757F84E}.Release|Any CPU.Build.0 = Release|Any CPU
		{3BA284F7-8F71-464B-BF65-064E009DB831}.Debug|Any CPU.ActiveCfg = Debug|Any CPU
		{3BA284F7-8F71-464B-BF65-064E009DB831}.Debug|Any CPU.Build.0 = Debug|Any CPU
		{3BA284F7-8F71-464B-BF65-064E009DB831}.Release|Any CPU.ActiveCfg = Release|Any CPU
		{3BA284F7-8F71-464B-BF65-064E009DB831}.Release|Any CPU.Build.0 = Release|Any CPU
		{28815955-A58E-4187-9A5B-C5924ABB253C}.Debug|Any CPU.ActiveCfg = Debug|Any CPU
		{28815955-A58E-4187-9A5B-C5924ABB253C}.Debug|Any CPU.Build.0 = Debug|Any CPU
		{28815955-A58E-4187-9A5B-C5924ABB253C}.Release|Any CPU.ActiveCfg = Release|Any CPU
		{28815955-A58E-4187-9A5B-C5924ABB253C}.Release|Any CPU.Build.0 = Release|Any CPU
		{4698F56D-62E6-459A-9509-BFF30623A164}.Debug|Any CPU.ActiveCfg = Debug|Any CPU
		{4698F56D-62E6-459A-9509-BFF30623A164}.Debug|Any CPU.Build.0 = Debug|Any CPU
		{4698F56D-62E6-459A-9509-BFF30623A164}.Release|Any CPU.ActiveCfg = Release|Any CPU
		{4698F56D-62E6-459A-9509-BFF30623A164}.Release|Any CPU.Build.0 = Release|Any CPU
		{81D78CF4-75EC-4EFC-ABC8-0B1AAD1B798D}.Debug|Any CPU.ActiveCfg = Debug|Any CPU
		{81D78CF4-75EC-4EFC-ABC8-0B1AAD1B798D}.Debug|Any CPU.Build.0 = Debug|Any CPU
		{81D78CF4-75EC-4EFC-ABC8-0B1AAD1B798D}.Release|Any CPU.ActiveCfg = Release|Any CPU
		{81D78CF4-75EC-4EFC-ABC8-0B1AAD1B798D}.Release|Any CPU.Build.0 = Release|Any CPU
		{975096CB-1D83-4513-BF23-9FC1F463E6EF}.Debug|Any CPU.ActiveCfg = Debug|Any CPU
		{975096CB-1D83-4513-BF23-9FC1F463E6EF}.Debug|Any CPU.Build.0 = Debug|Any CPU
		{975096CB-1D83-4513-BF23-9FC1F463E6EF}.Release|Any CPU.ActiveCfg = Release|Any CPU
		{975096CB-1D83-4513-BF23-9FC1F463E6EF}.Release|Any CPU.Build.0 = Release|Any CPU
	EndGlobalSection
	GlobalSection(NestedProjects) = preSolution
		{BDCFA382-06BA-4941-8E0D-719C28F23C25} = {38D861BF-8A21-4CBD-9468-C5591A56BD3A}
		{43CB64C0-E45F-4F3B-8B1E-CBB9BB818156} = {38D861BF-8A21-4CBD-9468-C5591A56BD3A}
		{EFC359A5-12AF-4B2C-B9BF-209885CE69C4} = {38D861BF-8A21-4CBD-9468-C5591A56BD3A}
		{200F7C69-966D-4468-952A-1E37DE785072} = {A84D250C-69F9-4F27-8F7C-FEC030F42694}
		{EE5F2FCB-0D3B-4BC6-ABC8-2A928B11C37F} = {A84D250C-69F9-4F27-8F7C-FEC030F42694}
		{99E45D50-8D5D-4C5A-8574-E55EB3CF2B1C} = {BCB209B1-4926-4F97-A41D-0F0578C34B1A}
		{EABAFAEF-1B37-4FA0-8BB4-DACB705A60A9} = {D8C1A909-12A2-467C-A046-838309450A7A}
		{B406E127-221F-4B86-80B1-C71D8757F84E} = {D8C1A909-12A2-467C-A046-838309450A7A}
		{3BA284F7-8F71-464B-BF65-064E009DB831} = {B494E3FC-47D6-4800-9B7B-2853E0C0DB65}
		{28815955-A58E-4187-9A5B-C5924ABB253C} = {B494E3FC-47D6-4800-9B7B-2853E0C0DB65}
		{4698F56D-62E6-459A-9509-BFF30623A164} = {B494E3FC-47D6-4800-9B7B-2853E0C0DB65}
		{81D78CF4-75EC-4EFC-ABC8-0B1AAD1B798D} = {A84D250C-69F9-4F27-8F7C-FEC030F42694}
		{975096CB-1D83-4513-BF23-9FC1F463E6EF} = {BCB209B1-4926-4F97-A41D-0F0578C34B1A}
	EndGlobalSection
EndGlobal
